
Microsoft Visual Studio Solution File, Format Version 12.00
# Visual Studio Version 16
VisualStudioVersion = 16.0.31702.278
MinimumVisualStudioVersion = 10.0.40219.1
Project("{FAE04EC0-301F-11D3-BF4B-00C04F79EFBC}") = "WhatsAppDemo", "WhatsAppDemo\WhatsAppDemo.csproj", "{94DDB213-BAD5-4121-849E-74466AA60F4B}"
EndProject
Project("{FAE04EC0-301F-11D3-BF4B-00C04F79EFBC}") = "WpServer", "WpServer\WpServer.csproj", "{11DDABBE-BD46-4599-A2F0-28BC13287A3F}"
EndProject
Global
	GlobalSection(SolutionConfigurationPlatforms) = preSolution
		Debug|Any CPU = Debug|Any CPU
		Release|Any CPU = Release|Any CPU
	EndGlobalSection
	GlobalSection(ProjectConfigurationPlatforms) = postSolution
		{94DDB213-BAD5-4121-849E-74466AA60F4B}.Debug|Any CPU.ActiveCfg = Debug|Any CPU
		{94DDB213-BAD5-4121-849E-74466AA60F4B}.Debug|Any CPU.Build.0 = Debug|Any CPU
		{94DDB213-BAD5-4121-849E-74466AA60F4B}.Release|Any CPU.ActiveCfg = Release|Any CPU
		{94DDB213-BAD5-4121-849E-74466AA60F4B}.Release|Any CPU.Build.0 = Release|Any CPU
		{11DDABBE-BD46-4599-A2F0-28BC13287A3F}.Debug|Any CPU.ActiveCfg = Debug|Any CPU
		{11DDABBE-BD46-4599-A2F0-28BC13287A3F}.Debug|Any CPU.Build.0 = Debug|Any CPU
		{11DDABBE-BD46-4599-A2F0-28BC13287A3F}.Release|Any CPU.ActiveCfg = Release|Any CPU
		{11DDABBE-BD46-4599-A2F0-28BC13287A3F}.Release|Any CPU.Build.0 = Release|Any CPU
	EndGlobalSection
	GlobalSection(SolutionProperties) = preSolution
		HideSolutionNode = FALSE
	EndGlobalSection
	GlobalSection(ExtensibilityGlobals) = postSolution
		SolutionGuid = {8CC9A087-C3B2-408F-BEDA-2EF41529891E}
	EndGlobalSection
EndGlobal
